
Microsoft Visual Studio Solution File, Format Version 12.00
# Visual Studio Version 16
VisualStudioVersion = 16.0.29409.12
MinimumVisualStudioVersion = 10.0.40219.1
Project("{FAE04EC0-301F-11D3-BF4B-00C04F79EFBC}") = "4", "4\4.csproj", "{0919EAB6-BE8D-42C4-B346-B0E14031C03A}"
EndProject
Global
	GlobalSection(SolutionConfigurationPlatforms) = preSolution
		Debug|Any CPU = Debug|Any CPU
		Release|Any CPU = Release|Any CPU
	EndGlobalSection
	GlobalSection(ProjectConfigurationPlatforms) = postSolution
		{0919EAB6-BE8D-42C4-B346-B0E14031C03A}.Debug|Any CPU.ActiveCfg = Debug|Any CPU
		{0919EAB6-BE8D-42C4-B346-B0E14031C03A}.Debug|Any CPU.Build.0 = Debug|Any CPU
		{0919EAB6-BE8D-42C4-B346-B0E14031C03A}.Release|Any CPU.ActiveCfg = Release|Any CPU
		{0919EAB6-BE8D-42C4-B346-B0E14031C03A}.Release|Any CPU.Build.0 = Release|Any CPU
	EndGlobalSection
	GlobalSection(SolutionProperties) = preSolution
		HideSolutionNode = FALSE
	EndGlobalSection
	GlobalSection(ExtensibilityGlobals) = postSolution
		SolutionGuid = {A5340BDB-CC57-4816-AF1F-E7B811D5EFD7}
	EndGlobalSection
EndGlobal
